
Microsoft Visual Studio Solution File, Format Version 11.00
# Visual Studio 2010
Project("{FAE04EC0-301F-11D3-BF4B-00C04F79EFBC}") = "Fizbin.Kinect.Gestures", "Fizbin.Kinect.Gestures\Fizbin.Kinect.Gestures.csproj", "{7471719C-9BD5-42BA-B42B-BB5663EEBBC3}"
EndProject
Project("{FAE04EC0-301F-11D3-BF4B-00C04F79EFBC}") = "Fizbin.Kinect.Gestures.Demo", "Fizbin.Kinect.Gestures.Demo\Fizbin.Kinect.Gestures.Demo.csproj", "{66669339-32A3-42D4-A83E-744ED4CDE198}"
EndProject
Project("{FAE04EC0-301F-11D3-BF4B-00C04F79EFBC}") = "Microsoft.Samples.Kinect.WpfViewers", "..\KinectWpfViewers\Microsoft.Samples.Kinect.WpfViewers.csproj", "{4DE23893-27E7-423F-9BB6-BA21DAC2C45E}"
EndProject
Project("{FAE04EC0-301F-11D3-BF4B-00C04F79EFBC}") = "Microsoft.Kinect.Toolkit", "..\Microsoft.Kinect.Toolkit\Microsoft.Kinect.Toolkit.csproj", "{C6F9C31B-6130-4443-A5CC-EF0664552ECD}"
EndProject
Global
	GlobalSection(SolutionConfigurationPlatforms) = preSolution
		Debug|Any CPU = Debug|Any CPU
		Debug|Mixed Platforms = Debug|Mixed Platforms
		Debug|x86 = Debug|x86
		Release|Any CPU = Release|Any CPU
		Release|Mixed Platforms = Release|Mixed Platforms
		Release|x86 = Release|x86
	EndGlobalSection
	GlobalSection(ProjectConfigurationPlatforms) = postSolution
		{7471719C-9BD5-42BA-B42B-BB5663EEBBC3}.Debug|Any CPU.ActiveCfg = Debug|Any CPU
		{7471719C-9BD5-42BA-B42B-BB5663EEBBC3}.Debug|Any CPU.Build.0 = Debug|Any CPU
		{7471719C-9BD5-42BA-B42B-BB5663EEBBC3}.Debug|Mixed Platforms.ActiveCfg = Debug|Any CPU
		{7471719C-9BD5-42BA-B42B-BB5663EEBBC3}.Debug|Mixed Platforms.Build.0 = Debug|Any CPU
		{7471719C-9BD5-42BA-B42B-BB5663EEBBC3}.Debug|x86.ActiveCfg = Debug|Any CPU
		{7471719C-9BD5-42BA-B42B-BB5663EEBBC3}.Release|Any CPU.ActiveCfg = Release|Any CPU
		{7471719C-9BD5-42BA-B42B-BB5663EEBBC3}.Release|Any CPU.Build.0 = Release|Any CPU
		{7471719C-9BD5-42BA-B42B-BB5663EEBBC3}.Release|Mixed Platforms.ActiveCfg = Release|Any CPU
		{7471719C-9BD5-42BA-B42B-BB5663EEBBC3}.Release|Mixed Platforms.Build.0 = Release|Any CPU
		{7471719C-9BD5-42BA-B42B-BB5663EEBBC3}.Release|x86.ActiveCfg = Release|Any CPU
		{66669339-32A3-42D4-A83E-744ED4CDE198}.Debug|Any CPU.ActiveCfg = Debug|x86
		{66669339-32A3-42D4-A83E-744ED4CDE198}.Debug|Mixed Platforms.ActiveCfg = Debug|x86
		{66669339-32A3-42D4-A83E-744ED4CDE198}.Debug|Mixed Platforms.Build.0 = Debug|x86
		{66669339-32A3-42D4-A83E-744ED4CDE198}.Debug|x86.ActiveCfg = Debug|x86
		{66669339-32A3-42D4-A83E-744ED4CDE198}.Debug|x86.Build.0 = Debug|x86
		{66669339-32A3-42D4-A83E-744ED4CDE198}.Release|Any CPU.ActiveCfg = Release|x86
		{66669339-32A3-42D4-A83E-744ED4CDE198}.Release|Mixed Platforms.ActiveCfg = Release|x86
		{66669339-32A3-42D4-A83E-744ED4CDE198}.Release|Mixed Platforms.Build.0 = Release|x86
		{66669339-32A3-42D4-A83E-744ED4CDE198}.Release|x86.ActiveCfg = Release|x86
		{66669339-32A3-42D4-A83E-744ED4CDE198}.Release|x86.Build.0 = Release|x86
		{4DE23893-27E7-423F-9BB6-BA21DAC2C45E}.Debug|Any CPU.ActiveCfg = Debug|Any CPU
		{4DE23893-27E7-423F-9BB6-BA21DAC2C45E}.Debug|Any CPU.Build.0 = Debug|Any CPU
		{4DE23893-27E7-423F-9BB6-BA21DAC2C45E}.Debug|Mixed Platforms.ActiveCfg = Debug|Any CPU
		{4DE23893-27E7-423F-9BB6-BA21DAC2C45E}.Debug|Mixed Platforms.Build.0 = Debug|Any CPU
		{4DE23893-27E7-423F-9BB6-BA21DAC2C45E}.Debug|x86.ActiveCfg = Debug|Any CPU
		{4DE23893-27E7-423F-9BB6-BA21DAC2C45E}.Release|Any CPU.ActiveCfg = Release|Any CPU
		{4DE23893-27E7-423F-9BB6-BA21DAC2C45E}.Release|Any CPU.Build.0 = Release|Any CPU
		{4DE23893-27E7-423F-9BB6-BA21DAC2C45E}.Release|Mixed Platforms.ActiveCfg = Release|Any CPU
		{4DE23893-27E7-423F-9BB6-BA21DAC2C45E}.Release|Mixed Platforms.Build.0 = Release|Any CPU
		{4DE23893-27E7-423F-9BB6-BA21DAC2C45E}.Release|x86.ActiveCfg = Release|Any CPU
		{C6F9C31B-6130-4443-A5CC-EF0664552ECD}.Debug|Any CPU.ActiveCfg = Debug|Any CPU
		{C6F9C31B-6130-4443-A5CC-EF0664552ECD}.Debug|Any CPU.Build.0 = Debug|Any CPU
		{C6F9C31B-6130-4443-A5CC-EF0664552ECD}.Debug|Mixed Platforms.ActiveCfg = Debug|Any CPU
		{C6F9C31B-6130-4443-A5CC-EF0664552ECD}.Debug|Mixed Platforms.Build.0 = Debug|Any CPU
		{C6F9C31B-6130-4443-A5CC-EF0664552ECD}.Debug|x86.ActiveCfg = Debug|Any CPU
		{C6F9C31B-6130-4443-A5CC-EF0664552ECD}.Release|Any CPU.ActiveCfg = Release|Any CPU
		{C6F9C31B-6130-4443-A5CC-EF0664552ECD}.Release|Any CPU.Build.0 = Release|Any CPU
		{C6F9C31B-6130-4443-A5CC-EF0664552ECD}.Release|Mixed Platforms.ActiveCfg = Release|Any CPU
		{C6F9C31B-6130-4443-A5CC-EF0664552ECD}.Release|Mixed Platforms.Build.0 = Release|Any CPU
		{C6F9C31B-6130-4443-A5CC-EF0664552ECD}.Release|x86.ActiveCfg = Release|Any CPU
	EndGlobalSection
	GlobalSection(SolutionProperties) = preSolution
		HideSolutionNode = FALSE
	EndGlobalSection
EndGlobal
